<?xml version="1.0" encoding="utf-8"?>
<Project ToolsVersion="4.0" xmlns="http://schemas.microsoft.com/developer/msbuild/2003">
  <ItemGroup>
    <ClCompile Include="..\..\Code\AcrossEditor.cpp" />
    <ClCompile Include="..\..\Code\Resources\Translater.cpp">
      <Filter>Resources</Filter>
    </ClCompile>
    <ClCompile Include="..\..\Code\Editor.cpp" />
    <ClCompile Include="..\..\Code\AssetImporter.cpp" />
  </ItemGroup>
  <ItemGroup>
    <Filter Include="Resources">
      <UniqueIdentifier>{8d01a5e7-2d71-4433-b513-00e0020f6ca1}</UniqueIdentifier>
    </Filter>
  </ItemGroup>
  <ItemGroup>
    <ClInclude Include="..\..\Code\Resources\Translater.h">
      <Filter>Resources</Filter>
    </ClInclude>
    <ClInclude Include="..\..\Code\Editor.h" />
    <ClInclude Include="..\..\Code\EditorModule.h" />
    <ClInclude Include="..\..\Code\AssetImporter.h" />
  </ItemGroup>
</Project>