<?xml version="1.0" encoding="utf-8"?>
<Project ToolsVersion="4.0" xmlns="http://schemas.microsoft.com/developer/msbuild/2003">
  <ItemGroup>
    <Filter Include="GUI">
      <UniqueIdentifier>{2b03e04b-32b8-4589-b74c-31d4eacad57e}</UniqueIdentifier>
    </Filter>
    <Filter Include="Rendering">
      <UniqueIdentifier>{de443f16-c637-40f9-8dbb-cca1143460d9}</UniqueIdentifier>
    </Filter>
    <Filter Include="Controller">
      <UniqueIdentifier>{53506eea-e11a-4a43-b498-1a283d77c61d}</UniqueIdentifier>
    </Filter>
    <Filter Include="Animator">
      <UniqueIdentifier>{ce2ae921-525c-4109-aa18-8a90e2821513}</UniqueIdentifier>
    </Filter>
    <Filter Include="Resource Manager">
      <UniqueIdentifier>{ae48724c-a817-49cf-a633-0eaf6e250f12}</UniqueIdentifier>
    </Filter>
    <Filter Include="Rendering\Shaders_GLSL">
      <UniqueIdentifier>{5a7ab3e9-c05e-4f57-ba66-4dd3d173b39d}</UniqueIdentifier>
    </Filter>
    <Filter Include="External">
      <UniqueIdentifier>{a0fbdbfd-1dba-4427-8a11-696ecb48e317}</UniqueIdentifier>
    </Filter>
    <Filter Include="External\pugixml">
      <UniqueIdentifier>{21934c3b-d92e-45b3-a307-192cf8ff88c5}</UniqueIdentifier>
    </Filter>
    <Filter Include="World">
      <UniqueIdentifier>{57670808-aeb4-4187-bb3a-04a1f494d024}</UniqueIdentifier>
    </Filter>
    <Filter Include="World\2DGrid">
      <UniqueIdentifier>{5d81d1ff-07b7-4185-8091-b4f58afdc7dd}</UniqueIdentifier>
    </Filter>
    <Filter Include="World\2DGrid\AI">
      <UniqueIdentifier>{fa851326-89ff-4cc7-b4b2-81eebffc2d09}</UniqueIdentifier>
    </Filter>
    <Filter Include="World\2DGrid\Animator">
      <UniqueIdentifier>{1d56835f-7f11-443e-9b02-6d9a9caaa60c}</UniqueIdentifier>
    </Filter>
    <Filter Include="World\3DGrid">
      <UniqueIdentifier>{d78a0810-76b3-401a-855f-ef99a7f4e320}</UniqueIdentifier>
    </Filter>
    <Filter Include="Rendering\DeferredRendering">
      <UniqueIdentifier>{87ab6f0b-67fa-4227-b211-2ac399d8d580}</UniqueIdentifier>
    </Filter>
    <Filter Include="Rendering\DeferredRendering\GLSL">
      <UniqueIdentifier>{6034f12d-f5d8-42a8-affd-d123794bda98}</UniqueIdentifier>
    </Filter>
  </ItemGroup>
  <ItemGroup>
    <ClInclude Include="..\..\Code\Camera.h" />
    <ClInclude Include="..\..\Code\Window.h" />
    <ClInclude Include="..\..\Code\Engine.h" />
    <ClInclude Include="..\..\Code\GlobalDebug.h" />
    <ClInclude Include="..\..\Code\GUI\GUI.h">
      <Filter>GUI</Filter>
    </ClInclude>
    <ClInclude Include="..\..\Code\Controller\Controller.h">
      <Filter>Controller</Filter>
    </ClInclude>
    <ClInclude Include="..\..\Code\Controller\XboxController.h">
      <Filter>Controller</Filter>
    </ClInclude>
    <ClInclude Include="..\..\Code\Rendering\RObject.h">
      <Filter>Rendering</Filter>
    </ClInclude>
    <ClInclude Include="..\..\Code\Rendering\RObject_Static_Memory.h">
      <Filter>Rendering</Filter>
    </ClInclude>
    <ClInclude Include="..\..\Code\Rendering\Shader.h">
      <Filter>Rendering</Filter>
    </ClInclude>
    <ClInclude Include="..\..\Code\Rendering\Shaders.h">
      <Filter>Rendering</Filter>
    </ClInclude>
    <ClInclude Include="..\..\Code\Rendering\OpenGL_Renderer.h">
      <Filter>Rendering</Filter>
    </ClInclude>
    <ClInclude Include="..\..\Code\ResourceManager\XMLStaticResourceManager.h">
      <Filter>Resource Manager</Filter>
    </ClInclude>
    <ClInclude Include="..\..\External\pugixml.1.2\src\pugiconfig.hpp">
      <Filter>External\pugixml</Filter>
    </ClInclude>
    <ClInclude Include="..\..\External\pugixml.1.2\src\pugixml.hpp">
      <Filter>External\pugixml</Filter>
    </ClInclude>
    <ClInclude Include="..\..\Code\ResourceManager\Asset_Types.h">
      <Filter>Resource Manager</Filter>
    </ClInclude>
    <ClInclude Include="..\..\Code\World_Interface.h" />
    <ClInclude Include="..\..\Code\Animation\Animator_Interface.h">
      <Filter>Animator</Filter>
    </ClInclude>
    <ClInclude Include="..\..\Code\Engine_Descriptors.h" />
    <ClInclude Include="..\..\Code\Renderer_Interface.h" />
    <ClInclude Include="..\..\Code\Manager_Interface.h" />
    <ClInclude Include="..\..\Code\World\2DGrid\Actor.h">
      <Filter>World\2DGrid</Filter>
    </ClInclude>
    <ClInclude Include="..\..\Code\World\2DGrid\Actor_Interface.h">
      <Filter>World\2DGrid</Filter>
    </ClInclude>
    <ClInclude Include="..\..\Code\World\2DGrid\GridBBox.h">
      <Filter>World\2DGrid</Filter>
    </ClInclude>
    <ClInclude Include="..\..\Code\World\2DGrid\World_2DGrid.h">
      <Filter>World\2DGrid</Filter>
    </ClInclude>
    <ClInclude Include="..\..\Code\World\StaticRenderObject.h">
      <Filter>World</Filter>
    </ClInclude>
    <ClInclude Include="..\..\Code\World\2DGrid\AI\Pathfinder.h">
      <Filter>World\2DGrid\AI</Filter>
    </ClInclude>
    <ClInclude Include="..\..\Code\World\2DGrid\Animator\Animator_Basics.h">
      <Filter>World\2DGrid\Animator</Filter>
    </ClInclude>
    <ClInclude Include="..\..\Code\World\2DGrid\Animator\SpriteAnimator.h">
      <Filter>World\2DGrid\Animator</Filter>
    </ClInclude>
    <ClInclude Include="..\..\Code\World\3DGrid\World_3DGrid.h">
      <Filter>World\3DGrid</Filter>
    </ClInclude>
    <ClInclude Include="..\..\Code\World\3DGrid\GameObject.h">
      <Filter>World\3DGrid</Filter>
    </ClInclude>
    <ClInclude Include="..\..\Code\Rendering\DeferredRendering\GBuffer.h">
      <Filter>Rendering\DeferredRendering</Filter>
    </ClInclude>
    <ClInclude Include="..\..\Code\Rendering\DeferredRendering\DeferredRendering.h">
      <Filter>Rendering\DeferredRendering</Filter>
    </ClInclude>
    <ClInclude Include="..\..\Code\Rendering\DeferredRendering\Light.h">
      <Filter>Rendering\DeferredRendering</Filter>
    </ClInclude>
    <ClInclude Include="..\..\Code\Rendering\DeferredRendering\SpotLight.h">
      <Filter>Rendering\DeferredRendering</Filter>
    </ClInclude>
    <ClInclude Include="..\..\Code\Rendering\DeferredRendering\DirectionalLight.h">
      <Filter>Rendering\DeferredRendering</Filter>
    </ClInclude>
  </ItemGroup>
  <ItemGroup>
    <ClCompile Include="..\..\Code\Camera.cpp" />
    <ClCompile Include="..\..\Code\Window.cpp" />
    <ClCompile Include="..\..\Code\GlobalDebug.cpp" />
    <ClCompile Include="..\..\Code\GUI\GUI.cpp">
      <Filter>GUI</Filter>
    </ClCompile>
    <ClCompile Include="..\..\Code\Controller\Controller.cpp">
      <Filter>Controller</Filter>
    </ClCompile>
    <ClCompile Include="..\..\Code\Rendering\RObject.cpp">
      <Filter>Rendering</Filter>
    </ClCompile>
    <ClCompile Include="..\..\Code\Rendering\Shader.cpp">
      <Filter>Rendering</Filter>
    </ClCompile>
    <ClCompile Include="..\..\Code\Rendering\Shaders.cpp">
      <Filter>Rendering</Filter>
    </ClCompile>
    <ClCompile Include="..\..\Code\Engine.cpp" />
    <ClCompile Include="..\..\Code\Rendering\OpenGL_Renderer.cpp">
      <Filter>Rendering</Filter>
    </ClCompile>
    <ClCompile Include="..\..\Code\ResourceManager\XMLStaticResourceManager.cpp">
      <Filter>Resource Manager</Filter>
    </ClCompile>
    <ClCompile Include="..\..\External\pugixml.1.2\src\pugixml.cpp">
      <Filter>External\pugixml</Filter>
    </ClCompile>
    <ClCompile Include="..\..\Code\Engine_Descriptors.cpp" />
    <ClCompile Include="..\..\Code\World\2DGrid\Actor.cpp">
      <Filter>World\2DGrid</Filter>
    </ClCompile>
    <ClCompile Include="..\..\Code\World\2DGrid\GridBBox.cpp">
      <Filter>World\2DGrid</Filter>
    </ClCompile>
    <ClCompile Include="..\..\Code\World\2DGrid\World_2DGrid.cpp">
      <Filter>World\2DGrid</Filter>
    </ClCompile>
    <ClCompile Include="..\..\Code\World\StaticRenderObject.cpp">
      <Filter>World</Filter>
    </ClCompile>
    <ClCompile Include="..\..\Code\World\2DGrid\AI\Pathfinder.cpp">
      <Filter>World\2DGrid\AI</Filter>
    </ClCompile>
    <ClCompile Include="..\..\Code\World\2DGrid\Animator\Animator_Basics.cpp">
      <Filter>World\2DGrid\Animator</Filter>
    </ClCompile>
    <ClCompile Include="..\..\Code\World\2DGrid\Animator\SpriteAnimator.cpp">
      <Filter>World\2DGrid\Animator</Filter>
    </ClCompile>
    <ClCompile Include="..\..\Code\World\3DGrid\World_3DGrid.cpp">
      <Filter>World\3DGrid</Filter>
    </ClCompile>
    <ClCompile Include="..\..\Code\World\3DGrid\GameObject.cpp">
      <Filter>World\3DGrid</Filter>
    </ClCompile>
    <ClCompile Include="..\..\Code\Rendering\DeferredRendering\GBuffer.cpp">
      <Filter>Rendering\DeferredRendering</Filter>
    </ClCompile>
    <ClCompile Include="..\..\Code\Rendering\DeferredRendering\DeferredRendering.cpp">
      <Filter>Rendering\DeferredRendering</Filter>
    </ClCompile>
    <ClCompile Include="..\..\Code\Rendering\DeferredRendering\Light.cpp">
      <Filter>Rendering\DeferredRendering</Filter>
    </ClCompile>
    <ClCompile Include="..\..\Code\Rendering\DeferredRendering\SpotLight.cpp">
      <Filter>Rendering\DeferredRendering</Filter>
    </ClCompile>
    <ClCompile Include="..\..\Code\Rendering\DeferredRendering\DirectionalLight.cpp">
      <Filter>Rendering\DeferredRendering</Filter>
    </ClCompile>
  </ItemGroup>
  <ItemGroup>
    <None Include="..\..\Code\Rendering\Shaders_GLSL\blur.fs">
      <Filter>Rendering\Shaders_GLSL</Filter>
    </None>
    <None Include="..\..\Code\Rendering\Shaders_GLSL\blur.vs">
      <Filter>Rendering\Shaders_GLSL</Filter>
    </None>
    <None Include="..\..\Code\Rendering\Shaders_GLSL\color.fs">
      <Filter>Rendering\Shaders_GLSL</Filter>
    </None>
    <None Include="..\..\Code\Rendering\Shaders_GLSL\color.vs">
      <Filter>Rendering\Shaders_GLSL</Filter>
    </None>
    <None Include="..\..\Code\Rendering\Shaders_GLSL\FXAA.fs">
      <Filter>Rendering\Shaders_GLSL</Filter>
    </None>
    <None Include="..\..\Code\Rendering\Shaders_GLSL\texture.fs">
      <Filter>Rendering\Shaders_GLSL</Filter>
    </None>
    <None Include="..\..\Code\Rendering\Shaders_GLSL\texture.vs">
      <Filter>Rendering\Shaders_GLSL</Filter>
    </None>
    <None Include="..\..\Code\Rendering\Shaders_GLSL\thickLines.fs">
      <Filter>Rendering\Shaders_GLSL</Filter>
    </None>
    <None Include="..\..\Code\Rendering\Shaders_GLSL\thickLines.gs">
      <Filter>Rendering\Shaders_GLSL</Filter>
    </None>
    <None Include="..\..\Code\Rendering\Shaders_GLSL\thickLines.vs">
      <Filter>Rendering\Shaders_GLSL</Filter>
    </None>
    <None Include="..\..\Code\Rendering\DeferredRendering\GLSL\GeometryPass.fs">
      <Filter>Rendering\DeferredRendering\GLSL</Filter>
    </None>
    <None Include="..\..\Code\Rendering\DeferredRendering\GLSL\GeometryPass.vs">
      <Filter>Rendering\DeferredRendering\GLSL</Filter>
    </None>
    <None Include="..\..\Code\Rendering\DeferredRendering\GLSL\LightPass_Spot.fs">
      <Filter>Rendering\DeferredRendering\GLSL</Filter>
    </None>
    <None Include="..\..\Code\Rendering\DeferredRendering\GLSL\LightPass_Spot.vs">
      <Filter>Rendering\DeferredRendering\GLSL</Filter>
    </None>
    <None Include="..\..\Code\Rendering\DeferredRendering\GLSL\LightPass_Directional.fs">
      <Filter>Rendering\DeferredRendering\GLSL</Filter>
    </None>
    <None Include="..\..\Code\Rendering\DeferredRendering\GLSL\LightPass_Directional.vs">
      <Filter>Rendering\DeferredRendering\GLSL</Filter>
    </None>
  </ItemGroup>
</Project>