<?xml version="1.0" encoding="utf-8"?>
<Project ToolsVersion="4.0" xmlns="http://schemas.microsoft.com/developer/msbuild/2003">
  <ItemGroup>
    <ClInclude Include="..\..\Code\CodeTools.h" />
    <ClInclude Include="..\..\Code\PerfomanceLogger.h" />
    <ClInclude Include="..\..\Code\Timer.h" />
    <ClInclude Include="..\..\Code\AcrossTypes.h" />
    <ClInclude Include="..\..\Code\Profiler.h" />
    <ClInclude Include="..\..\Code\Singleton.h" />
  </ItemGroup>
  <ItemGroup>
    <ClCompile Include="..\..\Code\Profiler.cpp" />
  </ItemGroup>
</Project>